
Microsoft Visual Studio Solution File, Format Version 12.00
# Visual Studio Version 17
VisualStudioVersion = 17.10.35013.160
MinimumVisualStudioVersion = 10.0.40219.1
Project("{9A19103F-16F7-4668-BE54-9A1E7A4F7556}") = "NoMoreWind", "NoMoreWind\NoMoreWind.csproj", "{219EF2D2-D5EB-4A1D-BBDD-171C3878D3DE}"
EndProject
Global
	GlobalSection(SolutionConfigurationPlatforms) = preSolution
		Debug|Any CPU = Debug|Any CPU
		Release|Any CPU = Release|Any CPU
	EndGlobalSection
	GlobalSection(ProjectConfigurationPlatforms) = postSolution
		{219EF2D2-D5EB-4A1D-BBDD-171C3878D3DE}.Debug|Any CPU.ActiveCfg = Debug|Any CPU
		{219EF2D2-D5EB-4A1D-BBDD-171C3878D3DE}.Debug|Any CPU.Build.0 = Debug|Any CPU
		{219EF2D2-D5EB-4A1D-BBDD-171C3878D3DE}.Release|Any CPU.ActiveCfg = Release|Any CPU
		{219EF2D2-D5EB-4A1D-BBDD-171C3878D3DE}.Release|Any CPU.Build.0 = Release|Any CPU
	EndGlobalSection
	GlobalSection(SolutionProperties) = preSolution
		HideSolutionNode = FALSE
	EndGlobalSection
	GlobalSection(ExtensibilityGlobals) = postSolution
		SolutionGuid = {302C5D33-5B53-4279-B0B7-D37ABB37014F}
	EndGlobalSection
EndGlobal
